<?xml version="1.0"?>
<CONFIG>
  <ProjectOptions>
    <Version Value="9"/>
    <PathDelim Value="\"/>
    <General>
      <SessionStorage Value="InProjectDir"/>
      <MainUnit Value="0"/>
      <Title Value="AngularAnalyse"/>
      <ResourceType Value="res"/>
      <UseXPManifest Value="True"/>
      <Icon Value="0"/>
    </General>
    <i18n>
      <EnableI18N LFM="False"/>
    </i18n>
    <VersionInfo>
      <UseVersionInfo Value="True"/>
      <AutoIncrementBuild Value="True"/>
      <MinorVersionNr Value="1"/>
      <BuildNr Value="1"/>
      <StringTable InternalName="AngularJS Anlyze tool" ProductVersion=""/>
    </VersionInfo>
    <BuildModes Count="1">
      <Item1 Name="Default" Default="True"/>
    </BuildModes>
    <PublishOptions>
      <Version Value="2"/>
      <IncludeFileFilter Value="*.(pas|pp|inc|lfm|lpr|lrs|lpi|lpk|sh|xml)"/>
      <ExcludeFileFilter Value="*.(bak|ppu|o|so);*~;backup"/>
    </PublishOptions>
    <RunParams>
      <local>
        <FormatVersion Value="1"/>
      </local>
    </RunParams>
    <RequiredPackages Count="2">
      <Item1>
        <PackageName Value="SynEdit"/>
      </Item1>
      <Item2>
        <PackageName Value="LCL"/>
      </Item2>
    </RequiredPackages>
    <Units Count="11">
      <Unit0>
        <Filename Value="AngularAnalyse.lpr"/>
        <IsPartOfProject Value="True"/>
        <UnitName Value="AngularAnalyse"/>
      </Unit0>
      <Unit1>
        <Filename Value="frmmain.pas"/>
        <IsPartOfProject Value="True"/>
        <ComponentName Value="frmMainView"/>
        <HasResources Value="True"/>
        <ResourceBaseClass Value="Form"/>
        <UnitName Value="frmMain"/>
      </Unit1>
      <Unit2>
        <Filename Value="angpkz.pas"/>
        <IsPartOfProject Value="True"/>
        <UnitName Value="angPKZ"/>
      </Unit2>
      <Unit3>
        <Filename Value="angfrmmaincontroller.pas"/>
        <IsPartOfProject Value="True"/>
        <UnitName Value="angFrmMainController"/>
      </Unit3>
      <Unit4>
        <Filename Value="angkeywords.pas"/>
        <IsPartOfProject Value="True"/>
        <ComponentName Value="frmSelectKeywords"/>
        <HasResources Value="True"/>
        <ResourceBaseClass Value="Form"/>
        <UnitName Value="angKeyWords"/>
      </Unit4>
      <Unit5>
        <Filename Value="angdatamodul.pas"/>
        <IsPartOfProject Value="True"/>
        <ComponentName Value="DataModule1"/>
        <HasResources Value="True"/>
        <ResourceBaseClass Value="DataModule"/>
        <UnitName Value="angDatamodul"/>
      </Unit5>
      <Unit6>
        <Filename Value="angfrmbookmarks.pas"/>
        <IsPartOfProject Value="True"/>
        <ComponentName Value="frmBookmarks"/>
        <HasResources Value="True"/>
        <ResourceBaseClass Value="Form"/>
        <UnitName Value="angfrmBookmarks"/>
      </Unit6>
      <Unit7>
        <Filename Value="angfilelist.pas"/>
        <IsPartOfProject Value="True"/>
        <ComponentName Value="frmFileList"/>
        <HasResources Value="True"/>
        <ResourceBaseClass Value="Form"/>
        <UnitName Value="angFileList"/>
      </Unit7>
      <Unit8>
        <Filename Value="angsnippet.pas"/>
        <IsPartOfProject Value="True"/>
        <UnitName Value="angSnippet"/>
      </Unit8>
      <Unit9>
        <Filename Value="angfrmsnippet.pas"/>
        <IsPartOfProject Value="True"/>
        <ComponentName Value="frmSnippet"/>
        <HasResources Value="True"/>
        <ResourceBaseClass Value="Form"/>
        <UnitName Value="angfrmSnippet"/>
      </Unit9>
      <Unit10>
        <Filename Value="angfrmselectsnippet.pas"/>
        <IsPartOfProject Value="True"/>
        <ComponentName Value="frmSelectSnippet"/>
        <HasResources Value="True"/>
        <ResourceBaseClass Value="Form"/>
        <UnitName Value="angFrmSelectSnippet"/>
      </Unit10>
    </Units>
  </ProjectOptions>
  <CompilerOptions>
    <Version Value="11"/>
    <PathDelim Value="\"/>
    <Target>
      <Filename Value="AngularAnalyse"/>
    </Target>
    <SearchPaths>
      <IncludeFiles Value="$(ProjOutDir)"/>
      <UnitOutputDirectory Value="lib\$(TargetCPU)-$(TargetOS)"/>
    </SearchPaths>
    <Linking>
      <Debugging>
        <UseExternalDbgSyms Value="True"/>
      </Debugging>
      <Options>
        <Win32>
          <GraphicApplication Value="True"/>
        </Win32>
      </Options>
    </Linking>
    <Other>
      <CompilerMessages>
        <MsgFileName Value=""/>
      </CompilerMessages>
      <CompilerPath Value="$(CompPath)"/>
    </Other>
  </CompilerOptions>
  <Debugging>
    <Exceptions Count="3">
      <Item1>
        <Name Value="EAbort"/>
      </Item1>
      <Item2>
        <Name Value="ECodetoolError"/>
      </Item2>
      <Item3>
        <Name Value="EFOpenError"/>
      </Item3>
    </Exceptions>
  </Debugging>
</CONFIG>
